// !$*UTF8*$!
{
	archiveVersion = 1;
	classes = {
	};
	objectVersion = 55;
	objects = {

/* Begin PBXBuildFile section */
		5ACFDDAA276A2A880007779A /* AnimationExamplesApp.swift in Sources */ = {isa = PBXBuildFile; fileRef = 5ACFDDA9276A2A880007779A /* AnimationExamplesApp.swift */; };
		5ACFDDAC276A2A880007779A /* ImplicitAnimationView.swift in Sources */ = {isa = PBXBuildFile; fileRef = 5ACFDDAB276A2A880007779A /* ImplicitAnimationView.swift */; };
		5ACFDDAE276A2A960007779A /* Assets.xcassets in Resources */ = {isa = PBXBuildFile; fileRef = 5ACFDDAD276A2A960007779A /* Assets.xcassets */; };
		5ACFDDB1276A2A960007779A /* Preview Assets.xcassets in Resources */ = {isa = PBXBuildFile; fileRef = 5ACFDDB0276A2A960007779A /* Preview Assets.xcassets */; };
		5ACFDDB8276A32920007779A /* AnimatingBindingView.swift in Sources */ = {isa = PBXBuildFile; fileRef = 5ACFDDB7276A32920007779A /* AnimatingBindingView.swift */; };
		5ACFDDBA276A351C0007779A /* ExplicitAnimationView.swift in Sources */ = {isa = PBXBuildFile; fileRef = 5ACFDDB9276A351C0007779A /* ExplicitAnimationView.swift */; };
		5ACFDDBC276A37030007779A /* ControllingAnimationStackView.swift in Sources */ = {isa = PBXBuildFile; fileRef = 5ACFDDBB276A37030007779A /* ControllingAnimationStackView.swift */; };
/* End PBXBuildFile section */

/* Begin PBXFileReference section */
		5ACFDDA6276A2A880007779A /* AnimationExamples.app */ = {isa = PBXFileReference; explicitFileType = wrapper.application; includeInIndex = 0; path = AnimationExamples.app; sourceTree = BUILT_PRODUCTS_DIR; };
		5ACFDDA9276A2A880007779A /* AnimationExamplesApp.swift */ = {isa = PBXFileReference; lastKnownFileType = sourcecode.swift; path = AnimationExamplesApp.swift; sourceTree = "<group>"; };
		5ACFDDAB276A2A880007779A /* ImplicitAnimationView.swift */ = {isa = PBXFileReference; lastKnownFileType = sourcecode.swift; path = ImplicitAnimationView.swift; sourceTree = "<group>"; };
		5ACFDDAD276A2A960007779A /* Assets.xcassets */ = {isa = PBXFileReference; lastKnownFileType = folder.assetcatalog; path = Assets.xcassets; sourceTree = "<group>"; };
		5ACFDDB0276A2A960007779A /* Preview Assets.xcassets */ = {isa = PBXFileReference; lastKnownFileType = folder.assetcatalog; path = "Preview Assets.xcassets"; sourceTree = "<group>"; };
		5ACFDDB7276A32920007779A /* AnimatingBindingView.swift */ = {isa = PBXFileReference; lastKnownFileType = sourcecode.swift; path = AnimatingBindingView.swift; sourceTree = "<group>"; };
		5ACFDDB9276A351C0007779A /* ExplicitAnimationView.swift */ = {isa = PBXFileReference; lastKnownFileType = sourcecode.swift; path = ExplicitAnimationView.swift; sourceTree = "<group>"; };
		5ACFDDBB276A37030007779A /* ControllingAnimationStackView.swift */ = {isa = PBXFileReference; lastKnownFileType = sourcecode.swift; path = ControllingAnimationStackView.swift; sourceTree = "<group>"; };
/* End PBXFileReference section */

/* Begin PBXFrameworksBuildPhase section */
		5ACFDDA3276A2A870007779A /* Frameworks */ = {
			isa = PBXFrameworksBuildPhase;
			buildActionMask = 2147483647;
			files = (
			);
			runOnlyForDeploymentPostprocessing = 0;
		};
/* End PBXFrameworksBuildPhase section */

/* Begin PBXGroup section */
		5ACFDD9D276A2A870007779A = {
			isa = PBXGroup;
			children = (
				5ACFDDA8276A2A880007779A /* AnimationExamples */,
				5ACFDDA7276A2A880007779A /* Products */,
			);
			sourceTree = "<group>";
		};
		5ACFDDA7276A2A880007779A /* Products */ = {
			isa = PBXGroup;
			children = (
				5ACFDDA6276A2A880007779A /* AnimationExamples.app */,
			);
			name = Products;
			sourceTree = "<group>";
		};
		5ACFDDA8276A2A880007779A /* AnimationExamples */ = {
			isa = PBXGroup;
			children = (
				5ACFDDA9276A2A880007779A /* AnimationExamplesApp.swift */,
				5ACFDDAB276A2A880007779A /* ImplicitAnimationView.swift */,
				5ACFDDB7276A32920007779A /* AnimatingBindingView.swift */,
				5ACFDDB9276A351C0007779A /* ExplicitAnimationView.swift */,
				5ACFDDBB276A37030007779A /* ControllingAnimationStackView.swift */,
				5ACFDDAD276A2A960007779A /* Assets.xcassets */,
				5ACFDDAF276A2A960007779A /* Preview Content */,
			);
			path = AnimationExamples;
			sourceTree = "<group>";
		};
		5ACFDDAF276A2A960007779A /* Preview Content */ = {
			isa = PBXGroup;
			children = (
				5ACFDDB0276A2A960007779A /* Preview Assets.xcassets */,
			);
			path = "Preview Content";
			sourceTree = "<group>";
		};
/* End PBXGroup section */

/* Begin PBXNativeTarget section */
		5ACFDDA5276A2A870007779A /* AnimationExamples */ = {
			isa = PBXNativeTarget;
			buildConfigurationList = 5ACFDDB4276A2A960007779A /* Build configuration list for PBXNativeTarget "AnimationExamples" */;
			buildPhases = (
				5ACFDDA2276A2A870007779A /* Sources */,
				5ACFDDA3276A2A870007779A /* Frameworks */,
				5ACFDDA4276A2A870007779A /* Resources */,
			);
			buildRules = (
			);
			dependencies = (
			);
			name = AnimationExamples;
			productName = AnimationExamples;
			productReference = 5ACFDDA6276A2A880007779A /* AnimationExamples.app */;
			productType = "com.apple.product-type.application";
		};
/* End PBXNativeTarget section */

/* Begin PBXProject section */
		5ACFDD9E276A2A870007779A /* Project object */ = {
			isa = PBXProject;
			attributes = {
				BuildIndependentTargetsInParallel = 1;
				LastSwiftUpdateCheck = 1310;
				LastUpgradeCheck = 1310;
				TargetAttributes = {
					5ACFDDA5276A2A870007779A = {
						CreatedOnToolsVersion = 13.1;
					};
				};
			};
			buildConfigurationList = 5ACFDDA1276A2A870007779A /* Build configuration list for PBXProject "AnimationExamples" */;
			compatibilityVersion = "Xcode 13.0";
			developmentRegion = en;
			hasScannedForEncodings = 0;
			knownRegions = (
				en,
				Base,
			);
			mainGroup = 5ACFDD9D276A2A870007779A;
			productRefGroup = 5ACFDDA7276A2A880007779A /* Products */;
			projectDirPath = "";
			projectRoot = "";
			targets = (
				5ACFDDA5276A2A870007779A /* AnimationExamples */,
			);
		};
/* End PBXProject section */

/* Begin PBXResourcesBuildPhase section */
		5ACFDDA4276A2A870007779A /* Resources */ = {
			isa = PBXResourcesBuildPhase;
			buildActionMask = 2147483647;
			files = (
				5ACFDDB1276A2A960007779A /* Preview Assets.xcassets in Resources */,
				5ACFDDAE276A2A960007779A /* Assets.xcassets in Resources */,
			);
			runOnlyForDeploymentPostprocessing = 0;
		};
/* End PBXResourcesBuildPhase section */

/* Begin PBXSourcesBuildPhase section */
		5ACFDDA2276A2A870007779A /* Sources */ = {
			isa = PBXSourcesBuildPhase;
			buildActionMask = 2147483647;
			files = (
				5ACFDDAC276A2A880007779A /* ImplicitAnimationView.swift in Sources */,
				5ACFDDB8276A32920007779A /* AnimatingBindingView.swift in Sources */,
				5ACFDDBC276A37030007779A /* ControllingAnimationStackView.swift in Sources */,
				5ACFDDAA276A2A880007779A /* AnimationExamplesApp.swift in Sources */,
				5ACFDDBA276A351C0007779A /* ExplicitAnimationView.swift in Sources */,
			);
			runOnlyForDeploymentPostprocessing = 0;
		};
/* End PBXSourcesBuildPhase section */

/* Begin XCBuildConfiguration section */
		5ACFDDB2276A2A960007779A /* Debug */ = {
			isa = XCBuildConfiguration;
			buildSettings = {
				ALWAYS_SEARCH_USER_PATHS = NO;
				CLANG_ANALYZER_NONNULL = YES;
				CLANG_ANALYZER_NUMBER_OBJECT_CONVERSION = YES_AGGRESSIVE;
				CLANG_CXX_LANGUAGE_STANDARD = "gnu++17";
				CLANG_CXX_LIBRARY = "libc++";
				CLANG_ENABLE_MODULES = YES;
				CLANG_ENABLE_OBJC_ARC = YES;
				CLANG_ENABLE_OBJC_WEAK = YES;
				CLANG_WARN_BLOCK_CAPTURE_AUTORELEASING = YES;
				CLANG_WARN_BOOL_CONVERSION = YES;
				CLANG_WARN_COMMA = YES;
				CLANG_WARN_CONSTANT_CONVERSION = YES;
				CLANG_WARN_DEPRECATED_OBJC_IMPLEMENTATIONS = YES;
				CLANG_WARN_DIRECT_OBJC_ISA_USAGE = YES_ERROR;
				CLANG_WARN_DOCUMENTATION_COMMENTS = YES;
				CLANG_WARN_EMPTY_BODY = YES;
				CLANG_WARN_ENUM_CONVERSION = YES;
				CLANG_WARN_INFINITE_RECURSION = YES;
				CLANG_WARN_INT_CONVERSION = YES;
				CLANG_WARN_NON_LITERAL_NULL_CONVERSION = YES;
				CLANG_WARN_OBJC_IMPLICIT_RETAIN_SELF = YES;
				CLANG_WARN_OBJC_LITERAL_CONVERSION = YES;
				CLANG_WARN_OBJC_ROOT_CLASS = YES_ERROR;
				CLANG_WARN_QUOTED_INCLUDE_IN_FRAMEWORK_HEADER = YES;
				CLANG_WARN_RANGE_LOOP_ANALYSIS = YES;
				CLANG_WARN_STRICT_PROTOTYPES = YES;
				CLANG_WARN_SUSPICIOUS_MOVE = YES;
				CLANG_WARN_UNGUARDED_AVAILABILITY = YES_AGGRESSIVE;
				CLANG_WARN_UNREACHABLE_CODE = YES;
				CLANG_WARN__DUPLICATE_METHOD_MATCH = YES;
				COPY_PHASE_STRIP = NO;
				DEBUG_INFORMATION_FORMAT = dwarf;
				ENABLE_STRICT_OBJC_MSGSEND = YES;
				ENABLE_TESTABILITY = YES;
				GCC_C_LANGUAGE_STANDARD = gnu11;
				GCC_DYNAMIC_NO_PIC = NO;
				GCC_NO_COMMON_BLOCKS = YES;
				GCC_OPTIMIZATION_LEVEL = 0;
				GCC_PREPROCESSOR_DEFINITIONS = (
					"DEBUG=1",
					"$(inherited)",
				);
				GCC_WARN_64_TO_32_BIT_CONVERSION = YES;
				GCC_WARN_ABOUT_RETURN_TYPE = YES_ERROR;
				GCC_WARN_UNDECLARED_SELECTOR = YES;
				GCC_WARN_UNINITIALIZED_AUTOS = YES_AGGRESSIVE;
				GCC_WARN_UNUSED_FUNCTION = YES;
				GCC_WARN_UNUSED_VARIABLE = YES;
				IPHONEOS_DEPLOYMENT_TARGET = 15.0;
				MTL_ENABLE_DEBUG_INFO = INCLUDE_SOURCE;
				MTL_FAST_MATH = YES;
				ONLY_ACTIVE_ARCH = YES;
				SDKROOT = iphoneos;
				SWIFT_ACTIVE_COMPILATION_CONDITIONS = DEBUG;
				SWIFT_OPTIMIZATION_LEVEL = "-Onone";
			};
			name = Debug;
		};
		5ACFDDB3276A2A960007779A /* Release */ = {
			isa = XCBuildConfiguration;
			buildSettings = {
				ALWAYS_SEARCH_USER_PATHS = NO;
				CLANG_ANALYZER_NONNULL = YES;
				CLANG_ANALYZER_NUMBER_OBJECT_CONVERSION = YES_AGGRESSIVE;
				CLANG_CXX_LANGUAGE_STANDARD = "gnu++17";
				CLANG_CXX_LIBRARY = "libc++";
				CLANG_ENABLE_MODULES = YES;
				CLANG_ENABLE_OBJC_ARC = YES;
				CLANG_ENABLE_OBJC_WEAK = YES;
				CLANG_WARN_BLOCK_CAPTURE_AUTORELEASING = YES;
				CLANG_WARN_BOOL_CONVERSION = YES;
				CLANG_WARN_COMMA = YES;
				CLANG_WARN_CONSTANT_CONVERSION = YES;
				CLANG_WARN_DEPRECATED_OBJC_IMPLEMENTATIONS = YES;
				CLANG_WARN_DIRECT_OBJC_ISA_USAGE = YES_ERROR;
				CLANG_WARN_DOCUMENTATION_COMMENTS = YES;
				CLANG_WARN_EMPTY_BODY = YES;
				CLANG_WARN_ENUM_CONVERSION = YES;
				CLANG_WARN_INFINITE_RECURSION = YES;
				CLANG_WARN_INT_CONVERSION = YES;
				CLANG_WARN_NON_LITERAL_NULL_CONVERSION = YES;
				CLANG_WARN_OBJC_IMPLICIT_RETAIN_SELF = YES;
				CLANG_WARN_OBJC_LITERAL_CONVERSION = YES;
				CLANG_WARN_OBJC_ROOT_CLASS = YES_ERROR;
				CLANG_WARN_QUOTED_INCLUDE_IN_FRAMEWORK_HEADER = YES;
				CLANG_WARN_RANGE_LOOP_ANALYSIS = YES;
				CLANG_WARN_STRICT_PROTOTYPES = YES;
				CLANG_WARN_SUSPICIOUS_MOVE = YES;
				CLANG_WARN_UNGUARDED_AVAILABILITY = YES_AGGRESSIVE;
				CLANG_WARN_UNREACHABLE_CODE = YES;
				CLANG_WARN__DUPLICATE_METHOD_MATCH = YES;
				COPY_PHASE_STRIP = NO;
				DEBUG_INFORMATION_FORMAT = "dwarf-with-dsym";
				ENABLE_NS_ASSERTIONS = NO;
				ENABLE_STRICT_OBJC_MSGSEND = YES;
				GCC_C_LANGUAGE_STANDARD = gnu11;
				GCC_NO_COMMON_BLOCKS = YES;
				GCC_WARN_64_TO_32_BIT_CONVERSION = YES;
				GCC_WARN_ABOUT_RETURN_TYPE = YES_ERROR;
				GCC_WARN_UNDECLARED_SELECTOR = YES;
				GCC_WARN_UNINITIALIZED_AUTOS = YES_AGGRESSIVE;
				GCC_WARN_UNUSED_FUNCTION = YES;
				GCC_WARN_UNUSED_VARIABLE = YES;
				IPHONEOS_DEPLOYMENT_TARGET = 15.0;
				MTL_ENABLE_DEBUG_INFO = NO;
				MTL_FAST_MATH = YES;
				SDKROOT = iphoneos;
				SWIFT_COMPILATION_MODE = wholemodule;
				SWIFT_OPTIMIZATION_LEVEL = "-O";
				VALIDATE_PRODUCT = YES;
			};
			name = Release;
		};
		5ACFDDB5276A2A960007779A /* Debug */ = {
			isa = XCBuildConfiguration;
			buildSettings = {
				ASSETCATALOG_COMPILER_APPICON_NAME = AppIcon;
				ASSETCATALOG_COMPILER_GLOBAL_ACCENT_COLOR_NAME = AccentColor;
				CODE_SIGN_STYLE = Automatic;
				CURRENT_PROJECT_VERSION = 1;
				DEVELOPMENT_ASSET_PATHS = "\"AnimationExamples/Preview Content\"";
				ENABLE_PREVIEWS = YES;
				GENERATE_INFOPLIST_FILE = YES;
				INFOPLIST_KEY_UIApplicationSceneManifest_Generation = YES;
				INFOPLIST_KEY_UIApplicationSupportsIndirectInputEvents = YES;
				INFOPLIST_KEY_UILaunchScreen_Generation = YES;
				INFOPLIST_KEY_UISupportedInterfaceOrientations_iPad = "UIInterfaceOrientationPortrait UIInterfaceOrientationPortraitUpsideDown UIInterfaceOrientationLandscapeLeft UIInterfaceOrientationLandscapeRight";
				INFOPLIST_KEY_UISupportedInterfaceOrientations_iPhone = "UIInterfaceOrientationPortrait UIInterfaceOrientationLandscapeLeft UIInterfaceOrientationLandscapeRight";
				LD_RUNPATH_SEARCH_PATHS = (
					"$(inherited)",
					"@executable_path/Frameworks",
				);
				MARKETING_VERSION = 1.0;
				PRODUCT_BUNDLE_IDENTIFIER = ca.judyyu.AnimationExamples;
				PRODUCT_NAME = "$(TARGET_NAME)";
				SWIFT_EMIT_LOC_STRINGS = YES;
				SWIFT_VERSION = 5.0;
				TARGETED_DEVICE_FAMILY = "1,2";
			};
			name = Debug;
		};
		5ACFDDB6276A2A960007779A /* Release */ = {
			isa = XCBuildConfiguration;
			buildSettings = {
				ASSETCATALOG_COMPILER_APPICON_NAME = AppIcon;
				ASSETCATALOG_COMPILER_GLOBAL_ACCENT_COLOR_NAME = AccentColor;
				CODE_SIGN_STYLE = Automatic;
				CURRENT_PROJECT_VERSION = 1;
				DEVELOPMENT_ASSET_PATHS = "\"AnimationExamples/Preview Content\"";
				ENABLE_PREVIEWS = YES;
				GENERATE_INFOPLIST_FILE = YES;
				INFOPLIST_KEY_UIApplicationSceneManifest_Generation = YES;
				INFOPLIST_KEY_UIApplicationSupportsIndirectInputEvents = YES;
				INFOPLIST_KEY_UILaunchScreen_Generation = YES;
				INFOPLIST_KEY_UISupportedInterfaceOrientations_iPad = "UIInterfaceOrientationPortrait UIInterfaceOrientationPortraitUpsideDown UIInterfaceOrientationLandscapeLeft UIInterfaceOrientationLandscapeRight";
				INFOPLIST_KEY_UISupportedInterfaceOrientations_iPhone = "UIInterfaceOrientationPortrait UIInterfaceOrientationLandscapeLeft UIInterfaceOrientationLandscapeRight";
				LD_RUNPATH_SEARCH_PATHS = (
					"$(inherited)",
					"@executable_path/Frameworks",
				);
				MARKETING_VERSION = 1.0;
				PRODUCT_BUNDLE_IDENTIFIER = ca.judyyu.AnimationExamples;
				PRODUCT_NAME = "$(TARGET_NAME)";
				SWIFT_EMIT_LOC_STRINGS = YES;
				SWIFT_VERSION = 5.0;
				TARGETED_DEVICE_FAMILY = "1,2";
			};
			name = Release;
		};
/* End XCBuildConfiguration section */

/* Begin XCConfigurationList section */
		5ACFDDA1276A2A870007779A /* Build configuration list for PBXProject "AnimationExamples" */ = {
			isa = XCConfigurationList;
			buildConfigurations = (
				5ACFDDB2276A2A960007779A /* Debug */,
				5ACFDDB3276A2A960007779A /* Release */,
			);
			defaultConfigurationIsVisible = 0;
			defaultConfigurationName = Release;
		};
		5ACFDDB4276A2A960007779A /* Build configuration list for PBXNativeTarget "AnimationExamples" */ = {
			isa = XCConfigurationList;
			buildConfigurations = (
				5ACFDDB5276A2A960007779A /* Debug */,
				5ACFDDB6276A2A960007779A /* Release */,
			);
			defaultConfigurationIsVisible = 0;
			defaultConfigurationName = Release;
		};
/* End XCConfigurationList section */
	};
	rootObject = 5ACFDD9E276A2A870007779A /* Project object */;
}
